
Microsoft Visual Studio Solution File, Format Version 12.00
# Visual Studio Version 17
VisualStudioVersion = 17.12.35707.178
MinimumVisualStudioVersion = 10.0.40219.1
Project("{8BC9CEB8-8B4A-11D0-8D11-00A0C91BC942}") = "KGCA45", "KGCA45\KGCA45.vcxproj", "{F72278E7-B3F0-4A50-86E6-F3B8F4B03B36}"
EndProject
Project("{8BC9CEB8-8B4A-11D0-8D11-00A0C91BC942}") = "GameEngineDemo", "GameEngineDemo\GameEngineDemo.vcxproj", "{6A59F5A4-D56F-47D0-A672-5B8C74401658}"
EndProject
Project("{8BC9CEB8-8B4A-11D0-8D11-00A0C91BC942}") = "GameEngineDemo1", "GameEngineDemo1\GameEngineDemo1.vcxproj", "{E87FE4D5-D7A8-4F1D-A240-86B766DB3E89}"
EndProject
Project("{8BC9CEB8-8B4A-11D0-8D11-00A0C91BC942}") = "GameEngineDemo2", "GameEngineDemo2\GameEngineDemo2.vcxproj", "{8E179497-4844-4EC3-851C-BC3799609DF1}"
EndProject
Project("{8BC9CEB8-8B4A-11D0-8D11-00A0C91BC942}") = "GameEngineDemo3", "GameEngineDemo3\GameEngineDemo3.vcxproj", "{C40C676C-C930-453B-8346-FFE9F750C19C}"
EndProject
Project("{8BC9CEB8-8B4A-11D0-8D11-00A0C91BC942}") = "GameEngineDemo4", "GameEngineDemo4\GameEngineDemo4.vcxproj", "{6D8FFA81-F2B8-40D8-BAF8-5DE2EF73EF06}"
EndProject
Project("{8BC9CEB8-8B4A-11D0-8D11-00A0C91BC942}") = "GameEngineDemo5", "GameEngineDemo5\GameEngineDemo5.vcxproj", "{66447770-C9CD-43DD-B98B-1826DFDC6CFF}"
EndProject
Project("{8BC9CEB8-8B4A-11D0-8D11-00A0C91BC942}") = "GameEngineDemo6", "GameEngineDemo6\GameEngineDemo6.vcxproj", "{AF3009BF-95EE-4130-8171-81975332F805}"
EndProject
Project("{8BC9CEB8-8B4A-11D0-8D11-00A0C91BC942}") = "GameEngineDemo7", "GameEngineDemo7\GameEngineDemo7.vcxproj", "{119276F0-AA0D-4F2B-9681-83056C8E5FF0}"
EndProject
Project("{8BC9CEB8-8B4A-11D0-8D11-00A0C91BC942}") = "NRVO", "NRVO\NRVO.vcxproj", "{1BF73DD5-3301-486F-8D3F-8E8B59DF751F}"
EndProject
Project("{8BC9CEB8-8B4A-11D0-8D11-00A0C91BC942}") = "GameEngineDemo8", "GameEngineDemo8\GameEngineDemo8.vcxproj", "{CC061D32-B698-4817-9029-6C1CCB099A83}"
EndProject
Project("{8BC9CEB8-8B4A-11D0-8D11-00A0C91BC942}") = "FirstWindow", "FirstWindow\FirstWindow.vcxproj", "{58655A01-F499-42F1-81E9-77482511C827}"
EndProject
Project("{8BC9CEB8-8B4A-11D0-8D11-00A0C91BC942}") = "DemoGame", "DemoGame\DemoGame.vcxproj", "{0CD0D542-EBEB-4753-8773-B0BA6B311C21}"
EndProject
Project("{8BC9CEB8-8B4A-11D0-8D11-00A0C91BC942}") = "DemoGame1", "DemoGame1\DemoGame1.vcxproj", "{F13FCDB5-C321-43CA-B794-1C4E7D827D92}"
EndProject
Project("{8BC9CEB8-8B4A-11D0-8D11-00A0C91BC942}") = "DemoGame2", "DemoGame2\DemoGame2.vcxproj", "{BDB6B8CD-E07F-4D07-82D3-AF219A6DC556}"
EndProject
Project("{8BC9CEB8-8B4A-11D0-8D11-00A0C91BC942}") = "DemoGame3", "DemoGame3\DemoGame3.vcxproj", "{BDF0CF3F-6289-4129-81F5-7E66DC876F50}"
EndProject
Project("{8BC9CEB8-8B4A-11D0-8D11-00A0C91BC942}") = "DemoGame4", "DemoGame4\DemoGame4.vcxproj", "{AB557C18-305C-4C7F-AC8D-88AA0A036FA2}"
EndProject
Project("{2150E333-8FDC-42A3-9474-1A3956D46DE8}") = "EngineDemo", "EngineDemo", "{C8D5274F-AC00-46C7-1F8D-E88E81087A52}"
EndProject
Project("{2150E333-8FDC-42A3-9474-1A3956D46DE8}") = "Game", "Game", "{30A6CAD8-7DE7-4985-B071-8584C69DA092}"
EndProject
Project("{8BC9CEB8-8B4A-11D0-8D11-00A0C91BC942}") = "DemoGame5", "DemoGame5\DemoGame5.vcxproj", "{F89A4833-3876-482D-9BBB-C5DC926E5801}"
EndProject
Project("{8BC9CEB8-8B4A-11D0-8D11-00A0C91BC942}") = "DemoGame6", "DemoGame6\DemoGame6.vcxproj", "{550533FE-F797-45CF-A69C-BFF1E4300B4E}"
EndProject
Project("{8BC9CEB8-8B4A-11D0-8D11-00A0C91BC942}") = "DemoGame7", "DemoGame7\DemoGame7.vcxproj", "{42F9B04E-5D5C-4904-B86A-E73C768E430B}"
EndProject
Project("{8BC9CEB8-8B4A-11D0-8D11-00A0C91BC942}") = "TGameCore", "TGameCore\TGameCore.vcxproj", "{561AF1C7-52BA-4388-AE9E-AB225BC054A1}"
EndProject
Global
	GlobalSection(SolutionConfigurationPlatforms) = preSolution
		Debug|x64 = Debug|x64
		Debug|x86 = Debug|x86
		Release|x64 = Release|x64
		Release|x86 = Release|x86
	EndGlobalSection
	GlobalSection(ProjectConfigurationPlatforms) = postSolution
		{F72278E7-B3F0-4A50-86E6-F3B8F4B03B36}.Debug|x64.ActiveCfg = Debug|x64
		{F72278E7-B3F0-4A50-86E6-F3B8F4B03B36}.Debug|x64.Build.0 = Debug|x64
		{F72278E7-B3F0-4A50-86E6-F3B8F4B03B36}.Debug|x86.ActiveCfg = Debug|Win32
		{F72278E7-B3F0-4A50-86E6-F3B8F4B03B36}.Debug|x86.Build.0 = Debug|Win32
		{F72278E7-B3F0-4A50-86E6-F3B8F4B03B36}.Release|x64.ActiveCfg = Release|x64
		{F72278E7-B3F0-4A50-86E6-F3B8F4B03B36}.Release|x64.Build.0 = Release|x64
		{F72278E7-B3F0-4A50-86E6-F3B8F4B03B36}.Release|x86.ActiveCfg = Release|Win32
		{F72278E7-B3F0-4A50-86E6-F3B8F4B03B36}.Release|x86.Build.0 = Release|Win32
		{6A59F5A4-D56F-47D0-A672-5B8C74401658}.Debug|x64.ActiveCfg = Debug|x64
		{6A59F5A4-D56F-47D0-A672-5B8C74401658}.Debug|x64.Build.0 = Debug|x64
		{6A59F5A4-D56F-47D0-A672-5B8C74401658}.Debug|x86.ActiveCfg = Debug|Win32
		{6A59F5A4-D56F-47D0-A672-5B8C74401658}.Debug|x86.Build.0 = Debug|Win32
		{6A59F5A4-D56F-47D0-A672-5B8C74401658}.Release|x64.ActiveCfg = Release|x64
		{6A59F5A4-D56F-47D0-A672-5B8C74401658}.Release|x64.Build.0 = Release|x64
		{6A59F5A4-D56F-47D0-A672-5B8C74401658}.Release|x86.ActiveCfg = Release|Win32
		{6A59F5A4-D56F-47D0-A672-5B8C74401658}.Release|x86.Build.0 = Release|Win32
		{E87FE4D5-D7A8-4F1D-A240-86B766DB3E89}.Debug|x64.ActiveCfg = Debug|x64
		{E87FE4D5-D7A8-4F1D-A240-86B766DB3E89}.Debug|x64.Build.0 = Debug|x64
		{E87FE4D5-D7A8-4F1D-A240-86B766DB3E89}.Debug|x86.ActiveCfg = Debug|Win32
		{E87FE4D5-D7A8-4F1D-A240-86B766DB3E89}.Debug|x86.Build.0 = Debug|Win32
		{E87FE4D5-D7A8-4F1D-A240-86B766DB3E89}.Release|x64.ActiveCfg = Release|x64
		{E87FE4D5-D7A8-4F1D-A240-86B766DB3E89}.Release|x64.Build.0 = Release|x64
		{E87FE4D5-D7A8-4F1D-A240-86B766DB3E89}.Release|x86.ActiveCfg = Release|Win32
		{E87FE4D5-D7A8-4F1D-A240-86B766DB3E89}.Release|x86.Build.0 = Release|Win32
		{8E179497-4844-4EC3-851C-BC3799609DF1}.Debug|x64.ActiveCfg = Debug|x64
		{8E179497-4844-4EC3-851C-BC3799609DF1}.Debug|x64.Build.0 = Debug|x64
		{8E179497-4844-4EC3-851C-BC3799609DF1}.Debug|x86.ActiveCfg = Debug|Win32
		{8E179497-4844-4EC3-851C-BC3799609DF1}.Debug|x86.Build.0 = Debug|Win32
		{8E179497-4844-4EC3-851C-BC3799609DF1}.Release|x64.ActiveCfg = Release|x64
		{8E179497-4844-4EC3-851C-BC3799609DF1}.Release|x64.Build.0 = Release|x64
		{8E179497-4844-4EC3-851C-BC3799609DF1}.Release|x86.ActiveCfg = Release|Win32
		{8E179497-4844-4EC3-851C-BC3799609DF1}.Release|x86.Build.0 = Release|Win32
		{C40C676C-C930-453B-8346-FFE9F750C19C}.Debug|x64.ActiveCfg = Debug|x64
		{C40C676C-C930-453B-8346-FFE9F750C19C}.Debug|x64.Build.0 = Debug|x64
		{C40C676C-C930-453B-8346-FFE9F750C19C}.Debug|x86.ActiveCfg = Debug|Win32
		{C40C676C-C930-453B-8346-FFE9F750C19C}.Debug|x86.Build.0 = Debug|Win32
		{C40C676C-C930-453B-8346-FFE9F750C19C}.Release|x64.ActiveCfg = Release|x64
		{C40C676C-C930-453B-8346-FFE9F750C19C}.Release|x64.Build.0 = Release|x64
		{C40C676C-C930-453B-8346-FFE9F750C19C}.Release|x86.ActiveCfg = Release|Win32
		{C40C676C-C930-453B-8346-FFE9F750C19C}.Release|x86.Build.0 = Release|Win32
		{6D8FFA81-F2B8-40D8-BAF8-5DE2EF73EF06}.Debug|x64.ActiveCfg = Debug|x64
		{6D8FFA81-F2B8-40D8-BAF8-5DE2EF73EF06}.Debug|x64.Build.0 = Debug|x64
		{6D8FFA81-F2B8-40D8-BAF8-5DE2EF73EF06}.Debug|x86.ActiveCfg = Debug|Win32
		{6D8FFA81-F2B8-40D8-BAF8-5DE2EF73EF06}.Debug|x86.Build.0 = Debug|Win32
		{6D8FFA81-F2B8-40D8-BAF8-5DE2EF73EF06}.Release|x64.ActiveCfg = Release|x64
		{6D8FFA81-F2B8-40D8-BAF8-5DE2EF73EF06}.Release|x64.Build.0 = Release|x64
		{6D8FFA81-F2B8-40D8-BAF8-5DE2EF73EF06}.Release|x86.ActiveCfg = Release|Win32
		{6D8FFA81-F2B8-40D8-BAF8-5DE2EF73EF06}.Release|x86.Build.0 = Release|Win32
		{66447770-C9CD-43DD-B98B-1826DFDC6CFF}.Debug|x64.ActiveCfg = Debug|x64
		{66447770-C9CD-43DD-B98B-1826DFDC6CFF}.Debug|x64.Build.0 = Debug|x64
		{66447770-C9CD-43DD-B98B-1826DFDC6CFF}.Debug|x86.ActiveCfg = Debug|Win32
		{66447770-C9CD-43DD-B98B-1826DFDC6CFF}.Debug|x86.Build.0 = Debug|Win32
		{66447770-C9CD-43DD-B98B-1826DFDC6CFF}.Release|x64.ActiveCfg = Release|x64
		{66447770-C9CD-43DD-B98B-1826DFDC6CFF}.Release|x64.Build.0 = Release|x64
		{66447770-C9CD-43DD-B98B-1826DFDC6CFF}.Release|x86.ActiveCfg = Release|Win32
		{66447770-C9CD-43DD-B98B-1826DFDC6CFF}.Release|x86.Build.0 = Release|Win32
		{AF3009BF-95EE-4130-8171-81975332F805}.Debug|x64.ActiveCfg = Debug|x64
		{AF3009BF-95EE-4130-8171-81975332F805}.Debug|x64.Build.0 = Debug|x64
		{AF3009BF-95EE-4130-8171-81975332F805}.Debug|x86.ActiveCfg = Debug|Win32
		{AF3009BF-95EE-4130-8171-81975332F805}.Debug|x86.Build.0 = Debug|Win32
		{AF3009BF-95EE-4130-8171-81975332F805}.Release|x64.ActiveCfg = Release|x64
		{AF3009BF-95EE-4130-8171-81975332F805}.Release|x64.Build.0 = Release|x64
		{AF3009BF-95EE-4130-8171-81975332F805}.Release|x86.ActiveCfg = Release|Win32
		{AF3009BF-95EE-4130-8171-81975332F805}.Release|x86.Build.0 = Release|Win32
		{119276F0-AA0D-4F2B-9681-83056C8E5FF0}.Debug|x64.ActiveCfg = Debug|x64
		{119276F0-AA0D-4F2B-9681-83056C8E5FF0}.Debug|x64.Build.0 = Debug|x64
		{119276F0-AA0D-4F2B-9681-83056C8E5FF0}.Debug|x86.ActiveCfg = Debug|Win32
		{119276F0-AA0D-4F2B-9681-83056C8E5FF0}.Debug|x86.Build.0 = Debug|Win32
		{119276F0-AA0D-4F2B-9681-83056C8E5FF0}.Release|x64.ActiveCfg = Release|x64
		{119276F0-AA0D-4F2B-9681-83056C8E5FF0}.Release|x64.Build.0 = Release|x64
		{119276F0-AA0D-4F2B-9681-83056C8E5FF0}.Release|x86.ActiveCfg = Release|Win32
		{119276F0-AA0D-4F2B-9681-83056C8E5FF0}.Release|x86.Build.0 = Release|Win32
		{1BF73DD5-3301-486F-8D3F-8E8B59DF751F}.Debug|x64.ActiveCfg = Debug|x64
		{1BF73DD5-3301-486F-8D3F-8E8B59DF751F}.Debug|x64.Build.0 = Debug|x64
		{1BF73DD5-3301-486F-8D3F-8E8B59DF751F}.Debug|x86.ActiveCfg = Debug|Win32
		{1BF73DD5-3301-486F-8D3F-8E8B59DF751F}.Debug|x86.Build.0 = Debug|Win32
		{1BF73DD5-3301-486F-8D3F-8E8B59DF751F}.Release|x64.ActiveCfg = Release|x64
		{1BF73DD5-3301-486F-8D3F-8E8B59DF751F}.Release|x64.Build.0 = Release|x64
		{1BF73DD5-3301-486F-8D3F-8E8B59DF751F}.Release|x86.ActiveCfg = Release|Win32
		{1BF73DD5-3301-486F-8D3F-8E8B59DF751F}.Release|x86.Build.0 = Release|Win32
		{CC061D32-B698-4817-9029-6C1CCB099A83}.Debug|x64.ActiveCfg = Debug|x64
		{CC061D32-B698-4817-9029-6C1CCB099A83}.Debug|x64.Build.0 = Debug|x64
		{CC061D32-B698-4817-9029-6C1CCB099A83}.Debug|x86.ActiveCfg = Debug|Win32
		{CC061D32-B698-4817-9029-6C1CCB099A83}.Debug|x86.Build.0 = Debug|Win32
		{CC061D32-B698-4817-9029-6C1CCB099A83}.Release|x64.ActiveCfg = Release|x64
		{CC061D32-B698-4817-9029-6C1CCB099A83}.Release|x64.Build.0 = Release|x64
		{CC061D32-B698-4817-9029-6C1CCB099A83}.Release|x86.ActiveCfg = Release|Win32
		{CC061D32-B698-4817-9029-6C1CCB099A83}.Release|x86.Build.0 = Release|Win32
		{58655A01-F499-42F1-81E9-77482511C827}.Debug|x64.ActiveCfg = Debug|x64
		{58655A01-F499-42F1-81E9-77482511C827}.Debug|x64.Build.0 = Debug|x64
		{58655A01-F499-42F1-81E9-77482511C827}.Debug|x86.ActiveCfg = Debug|Win32
		{58655A01-F499-42F1-81E9-77482511C827}.Debug|x86.Build.0 = Debug|Win32
		{58655A01-F499-42F1-81E9-77482511C827}.Release|x64.ActiveCfg = Release|x64
		{58655A01-F499-42F1-81E9-77482511C827}.Release|x64.Build.0 = Release|x64
		{58655A01-F499-42F1-81E9-77482511C827}.Release|x86.ActiveCfg = Release|Win32
		{58655A01-F499-42F1-81E9-77482511C827}.Release|x86.Build.0 = Release|Win32
		{0CD0D542-EBEB-4753-8773-B0BA6B311C21}.Debug|x64.ActiveCfg = Debug|x64
		{0CD0D542-EBEB-4753-8773-B0BA6B311C21}.Debug|x64.Build.0 = Debug|x64
		{0CD0D542-EBEB-4753-8773-B0BA6B311C21}.Debug|x86.ActiveCfg = Debug|Win32
		{0CD0D542-EBEB-4753-8773-B0BA6B311C21}.Debug|x86.Build.0 = Debug|Win32
		{0CD0D542-EBEB-4753-8773-B0BA6B311C21}.Release|x64.ActiveCfg = Release|x64
		{0CD0D542-EBEB-4753-8773-B0BA6B311C21}.Release|x64.Build.0 = Release|x64
		{0CD0D542-EBEB-4753-8773-B0BA6B311C21}.Release|x86.ActiveCfg = Release|Win32
		{0CD0D542-EBEB-4753-8773-B0BA6B311C21}.Release|x86.Build.0 = Release|Win32
		{F13FCDB5-C321-43CA-B794-1C4E7D827D92}.Debug|x64.ActiveCfg = Debug|x64
		{F13FCDB5-C321-43CA-B794-1C4E7D827D92}.Debug|x64.Build.0 = Debug|x64
		{F13FCDB5-C321-43CA-B794-1C4E7D827D92}.Debug|x86.ActiveCfg = Debug|Win32
		{F13FCDB5-C321-43CA-B794-1C4E7D827D92}.Debug|x86.Build.0 = Debug|Win32
		{F13FCDB5-C321-43CA-B794-1C4E7D827D92}.Release|x64.ActiveCfg = Release|x64
		{F13FCDB5-C321-43CA-B794-1C4E7D827D92}.Release|x64.Build.0 = Release|x64
		{F13FCDB5-C321-43CA-B794-1C4E7D827D92}.Release|x86.ActiveCfg = Release|Win32
		{F13FCDB5-C321-43CA-B794-1C4E7D827D92}.Release|x86.Build.0 = Release|Win32
		{BDB6B8CD-E07F-4D07-82D3-AF219A6DC556}.Debug|x64.ActiveCfg = Debug|x64
		{BDB6B8CD-E07F-4D07-82D3-AF219A6DC556}.Debug|x64.Build.0 = Debug|x64
		{BDB6B8CD-E07F-4D07-82D3-AF219A6DC556}.Debug|x86.ActiveCfg = Debug|Win32
		{BDB6B8CD-E07F-4D07-82D3-AF219A6DC556}.Debug|x86.Build.0 = Debug|Win32
		{BDB6B8CD-E07F-4D07-82D3-AF219A6DC556}.Release|x64.ActiveCfg = Release|x64
		{BDB6B8CD-E07F-4D07-82D3-AF219A6DC556}.Release|x64.Build.0 = Release|x64
		{BDB6B8CD-E07F-4D07-82D3-AF219A6DC556}.Release|x86.ActiveCfg = Release|Win32
		{BDB6B8CD-E07F-4D07-82D3-AF219A6DC556}.Release|x86.Build.0 = Release|Win32
		{BDF0CF3F-6289-4129-81F5-7E66DC876F50}.Debug|x64.ActiveCfg = Debug|x64
		{BDF0CF3F-6289-4129-81F5-7E66DC876F50}.Debug|x64.Build.0 = Debug|x64
		{BDF0CF3F-6289-4129-81F5-7E66DC876F50}.Debug|x86.ActiveCfg = Debug|Win32
		{BDF0CF3F-6289-4129-81F5-7E66DC876F50}.Debug|x86.Build.0 = Debug|Win32
		{BDF0CF3F-6289-4129-81F5-7E66DC876F50}.Release|x64.ActiveCfg = Release|x64
		{BDF0CF3F-6289-4129-81F5-7E66DC876F50}.Release|x64.Build.0 = Release|x64
		{BDF0CF3F-6289-4129-81F5-7E66DC876F50}.Release|x86.ActiveCfg = Release|Win32
		{BDF0CF3F-6289-4129-81F5-7E66DC876F50}.Release|x86.Build.0 = Release|Win32
		{AB557C18-305C-4C7F-AC8D-88AA0A036FA2}.Debug|x64.ActiveCfg = Debug|x64
		{AB557C18-305C-4C7F-AC8D-88AA0A036FA2}.Debug|x64.Build.0 = Debug|x64
		{AB557C18-305C-4C7F-AC8D-88AA0A036FA2}.Debug|x86.ActiveCfg = Debug|Win32
		{AB557C18-305C-4C7F-AC8D-88AA0A036FA2}.Debug|x86.Build.0 = Debug|Win32
		{AB557C18-305C-4C7F-AC8D-88AA0A036FA2}.Release|x64.ActiveCfg = Release|x64
		{AB557C18-305C-4C7F-AC8D-88AA0A036FA2}.Release|x64.Build.0 = Release|x64
		{AB557C18-305C-4C7F-AC8D-88AA0A036FA2}.Release|x86.ActiveCfg = Release|Win32
		{AB557C18-305C-4C7F-AC8D-88AA0A036FA2}.Release|x86.Build.0 = Release|Win32
		{F89A4833-3876-482D-9BBB-C5DC926E5801}.Debug|x64.ActiveCfg = Debug|x64
		{F89A4833-3876-482D-9BBB-C5DC926E5801}.Debug|x64.Build.0 = Debug|x64
		{F89A4833-3876-482D-9BBB-C5DC926E5801}.Debug|x86.ActiveCfg = Debug|Win32
		{F89A4833-3876-482D-9BBB-C5DC926E5801}.Debug|x86.Build.0 = Debug|Win32
		{F89A4833-3876-482D-9BBB-C5DC926E5801}.Release|x64.ActiveCfg = Release|x64
		{F89A4833-3876-482D-9BBB-C5DC926E5801}.Release|x64.Build.0 = Release|x64
		{F89A4833-3876-482D-9BBB-C5DC926E5801}.Release|x86.ActiveCfg = Release|Win32
		{F89A4833-3876-482D-9BBB-C5DC926E5801}.Release|x86.Build.0 = Release|Win32
		{550533FE-F797-45CF-A69C-BFF1E4300B4E}.Debug|x64.ActiveCfg = Debug|x64
		{550533FE-F797-45CF-A69C-BFF1E4300B4E}.Debug|x64.Build.0 = Debug|x64
		{550533FE-F797-45CF-A69C-BFF1E4300B4E}.Debug|x86.ActiveCfg = Debug|Win32
		{550533FE-F797-45CF-A69C-BFF1E4300B4E}.Debug|x86.Build.0 = Debug|Win32
		{550533FE-F797-45CF-A69C-BFF1E4300B4E}.Release|x64.ActiveCfg = Release|x64
		{550533FE-F797-45CF-A69C-BFF1E4300B4E}.Release|x64.Build.0 = Release|x64
		{550533FE-F797-45CF-A69C-BFF1E4300B4E}.Release|x86.ActiveCfg = Release|Win32
		{550533FE-F797-45CF-A69C-BFF1E4300B4E}.Release|x86.Build.0 = Release|Win32
		{42F9B04E-5D5C-4904-B86A-E73C768E430B}.Debug|x64.ActiveCfg = Debug|x64
		{42F9B04E-5D5C-4904-B86A-E73C768E430B}.Debug|x64.Build.0 = Debug|x64
		{42F9B04E-5D5C-4904-B86A-E73C768E430B}.Debug|x86.ActiveCfg = Debug|Win32
		{42F9B04E-5D5C-4904-B86A-E73C768E430B}.Debug|x86.Build.0 = Debug|Win32
		{42F9B04E-5D5C-4904-B86A-E73C768E430B}.Release|x64.ActiveCfg = Release|x64
		{42F9B04E-5D5C-4904-B86A-E73C768E430B}.Release|x64.Build.0 = Release|x64
		{42F9B04E-5D5C-4904-B86A-E73C768E430B}.Release|x86.ActiveCfg = Release|Win32
		{42F9B04E-5D5C-4904-B86A-E73C768E430B}.Release|x86.Build.0 = Release|Win32
		{561AF1C7-52BA-4388-AE9E-AB225BC054A1}.Debug|x64.ActiveCfg = Debug|x64
		{561AF1C7-52BA-4388-AE9E-AB225BC054A1}.Debug|x64.Build.0 = Debug|x64
		{561AF1C7-52BA-4388-AE9E-AB225BC054A1}.Debug|x86.ActiveCfg = Debug|Win32
		{561AF1C7-52BA-4388-AE9E-AB225BC054A1}.Debug|x86.Build.0 = Debug|Win32
		{561AF1C7-52BA-4388-AE9E-AB225BC054A1}.Release|x64.ActiveCfg = Release|x64
		{561AF1C7-52BA-4388-AE9E-AB225BC054A1}.Release|x64.Build.0 = Release|x64
		{561AF1C7-52BA-4388-AE9E-AB225BC054A1}.Release|x86.ActiveCfg = Release|Win32
		{561AF1C7-52BA-4388-AE9E-AB225BC054A1}.Release|x86.Build.0 = Release|Win32
	EndGlobalSection
	GlobalSection(SolutionProperties) = preSolution
		HideSolutionNode = FALSE
	EndGlobalSection
	GlobalSection(NestedProjects) = preSolution
		{6A59F5A4-D56F-47D0-A672-5B8C74401658} = {C8D5274F-AC00-46C7-1F8D-E88E81087A52}
		{E87FE4D5-D7A8-4F1D-A240-86B766DB3E89} = {C8D5274F-AC00-46C7-1F8D-E88E81087A52}
		{8E179497-4844-4EC3-851C-BC3799609DF1} = {C8D5274F-AC00-46C7-1F8D-E88E81087A52}
		{C40C676C-C930-453B-8346-FFE9F750C19C} = {C8D5274F-AC00-46C7-1F8D-E88E81087A52}
		{6D8FFA81-F2B8-40D8-BAF8-5DE2EF73EF06} = {C8D5274F-AC00-46C7-1F8D-E88E81087A52}
		{66447770-C9CD-43DD-B98B-1826DFDC6CFF} = {C8D5274F-AC00-46C7-1F8D-E88E81087A52}
		{AF3009BF-95EE-4130-8171-81975332F805} = {C8D5274F-AC00-46C7-1F8D-E88E81087A52}
		{119276F0-AA0D-4F2B-9681-83056C8E5FF0} = {C8D5274F-AC00-46C7-1F8D-E88E81087A52}
		{CC061D32-B698-4817-9029-6C1CCB099A83} = {C8D5274F-AC00-46C7-1F8D-E88E81087A52}
		{0CD0D542-EBEB-4753-8773-B0BA6B311C21} = {30A6CAD8-7DE7-4985-B071-8584C69DA092}
		{F13FCDB5-C321-43CA-B794-1C4E7D827D92} = {30A6CAD8-7DE7-4985-B071-8584C69DA092}
		{BDB6B8CD-E07F-4D07-82D3-AF219A6DC556} = {30A6CAD8-7DE7-4985-B071-8584C69DA092}
		{BDF0CF3F-6289-4129-81F5-7E66DC876F50} = {30A6CAD8-7DE7-4985-B071-8584C69DA092}
		{AB557C18-305C-4C7F-AC8D-88AA0A036FA2} = {30A6CAD8-7DE7-4985-B071-8584C69DA092}
		{F89A4833-3876-482D-9BBB-C5DC926E5801} = {30A6CAD8-7DE7-4985-B071-8584C69DA092}
		{550533FE-F797-45CF-A69C-BFF1E4300B4E} = {30A6CAD8-7DE7-4985-B071-8584C69DA092}
		{42F9B04E-5D5C-4904-B86A-E73C768E430B} = {30A6CAD8-7DE7-4985-B071-8584C69DA092}
	EndGlobalSection
	GlobalSection(ExtensibilityGlobals) = postSolution
		SolutionGuid = {5E77AD69-B2AC-40D6-AE00-43FA5B444B8C}
	EndGlobalSection
EndGlobal
